
Microsoft Visual Studio Solution File, Format Version 12.00
# Visual Studio 15
VisualStudioVersion = 15.0.28307.1062
MinimumVisualStudioVersion = 10.0.40219.1
Project("{FAE04EC0-301F-11D3-BF4B-00C04F79EFBC}") = "CyberSecuritynMap", "CyberSecuritynMap\CyberSecuritynMap.csproj", "{C60669AC-9BA8-496F-8C60-D74BA1580EBC}"
EndProject
Global
	GlobalSection(SolutionConfigurationPlatforms) = preSolution
		Debug|Any CPU = Debug|Any CPU
		Release|Any CPU = Release|Any CPU
	EndGlobalSection
	GlobalSection(ProjectConfigurationPlatforms) = postSolution
		{C60669AC-9BA8-496F-8C60-D74BA1580EBC}.Debug|Any CPU.ActiveCfg = Debug|Any CPU
		{C60669AC-9BA8-496F-8C60-D74BA1580EBC}.Debug|Any CPU.Build.0 = Debug|Any CPU
		{C60669AC-9BA8-496F-8C60-D74BA1580EBC}.Release|Any CPU.ActiveCfg = Release|Any CPU
		{C60669AC-9BA8-496F-8C60-D74BA1580EBC}.Release|Any CPU.Build.0 = Release|Any CPU
	EndGlobalSection
	GlobalSection(SolutionProperties) = preSolution
		HideSolutionNode = FALSE
	EndGlobalSection
	GlobalSection(ExtensibilityGlobals) = postSolution
		SolutionGuid = {F79858F5-1A3F-40D2-9F3A-3552B0311334}
	EndGlobalSection
EndGlobal
